
Microsoft Visual Studio Solution File, Format Version 12.00
# Visual Studio Version 17
VisualStudioVersion = 17.4.33213.308
MinimumVisualStudioVersion = 10.0.40219.1
Project("{FAE04EC0-301F-11D3-BF4B-00C04F79EFBC}") = "BitcotTaskProject", "BitcotTaskProject\BitcotTaskProject.csproj", "{076CC675-0DB8-46B7-829E-5126B6430693}"
EndProject
Global
	GlobalSection(SolutionConfigurationPlatforms) = preSolution
		Debug|Any CPU = Debug|Any CPU
		Release|Any CPU = Release|Any CPU
	EndGlobalSection
	GlobalSection(ProjectConfigurationPlatforms) = postSolution
		{076CC675-0DB8-46B7-829E-5126B6430693}.Debug|Any CPU.ActiveCfg = Debug|Any CPU
		{076CC675-0DB8-46B7-829E-5126B6430693}.Debug|Any CPU.Build.0 = Debug|Any CPU
		{076CC675-0DB8-46B7-829E-5126B6430693}.Release|Any CPU.ActiveCfg = Release|Any CPU
		{076CC675-0DB8-46B7-829E-5126B6430693}.Release|Any CPU.Build.0 = Release|Any CPU
	EndGlobalSection
	GlobalSection(SolutionProperties) = preSolution
		HideSolutionNode = FALSE
	EndGlobalSection
	GlobalSection(ExtensibilityGlobals) = postSolution
		SolutionGuid = {D35E35C1-BEBD-4BB1-88C8-4A72A5C106F4}
	EndGlobalSection
EndGlobal
